
Microsoft Visual Studio Solution File, Format Version 12.00
# Visual Studio Version 17
VisualStudioVersion = 17.2.32630.192
MinimumVisualStudioVersion = 10.0.40219.1
Project("{FAE04EC0-301F-11D3-BF4B-00C04F79EFBC}") = "ProgrammingChallenges", "ProgrammingChallenges\ProgrammingChallenges.csproj", "{D660117E-E36E-4852-9A8B-973DA3DD033E}"
EndProject
Project("{FAE04EC0-301F-11D3-BF4B-00C04F79EFBC}") = "StringManagement", "StringManagement\StringManagement.csproj", "{DE030B35-51D1-423D-A9CA-415807A86FEC}"
EndProject
Project("{FAE04EC0-301F-11D3-BF4B-00C04F79EFBC}") = "StringManagement_Tests", "StringManagement_Tests\StringManagement_Tests.csproj", "{C262F267-AAD9-4171-835D-56720CA426F5}"
EndProject
Global
	GlobalSection(SolutionConfigurationPlatforms) = preSolution
		Debug|Any CPU = Debug|Any CPU
		Release|Any CPU = Release|Any CPU
	EndGlobalSection
	GlobalSection(ProjectConfigurationPlatforms) = postSolution
		{D660117E-E36E-4852-9A8B-973DA3DD033E}.Debug|Any CPU.ActiveCfg = Debug|Any CPU
		{D660117E-E36E-4852-9A8B-973DA3DD033E}.Debug|Any CPU.Build.0 = Debug|Any CPU
		{D660117E-E36E-4852-9A8B-973DA3DD033E}.Release|Any CPU.ActiveCfg = Release|Any CPU
		{D660117E-E36E-4852-9A8B-973DA3DD033E}.Release|Any CPU.Build.0 = Release|Any CPU
		{DE030B35-51D1-423D-A9CA-415807A86FEC}.Debug|Any CPU.ActiveCfg = Debug|Any CPU
		{DE030B35-51D1-423D-A9CA-415807A86FEC}.Debug|Any CPU.Build.0 = Debug|Any CPU
		{DE030B35-51D1-423D-A9CA-415807A86FEC}.Release|Any CPU.ActiveCfg = Release|Any CPU
		{DE030B35-51D1-423D-A9CA-415807A86FEC}.Release|Any CPU.Build.0 = Release|Any CPU
		{C262F267-AAD9-4171-835D-56720CA426F5}.Debug|Any CPU.ActiveCfg = Debug|Any CPU
		{C262F267-AAD9-4171-835D-56720CA426F5}.Debug|Any CPU.Build.0 = Debug|Any CPU
		{C262F267-AAD9-4171-835D-56720CA426F5}.Release|Any CPU.ActiveCfg = Release|Any CPU
		{C262F267-AAD9-4171-835D-56720CA426F5}.Release|Any CPU.Build.0 = Release|Any CPU
	EndGlobalSection
	GlobalSection(SolutionProperties) = preSolution
		HideSolutionNode = FALSE
	EndGlobalSection
	GlobalSection(ExtensibilityGlobals) = postSolution
		SolutionGuid = {BA54EED1-17A1-495F-9A9C-6CAABF006581}
	EndGlobalSection
EndGlobal
